// !$*UTF8*$!
{
	archiveVersion = 1;
	classes = {
	};
	objectVersion = 46;
	objects = {

/* Begin PBXBuildFile section */
		84DC79E61CE1CEAD0042DBCF /* AppDelegate.swift in Sources */ = {isa = PBXBuildFile; fileRef = 84DC79E51CE1CEAD0042DBCF /* AppDelegate.swift */; };
		84DC79E81CE1CEAD0042DBCF /* ViewController.swift in Sources */ = {isa = PBXBuildFile; fileRef = 84DC79E71CE1CEAD0042DBCF /* ViewController.swift */; };
		84DC79EB1CE1CEAD0042DBCF /* Main.storyboard in Resources */ = {isa = PBXBuildFile; fileRef = 84DC79E91CE1CEAD0042DBCF /* Main.storyboard */; };
		84DC79ED1CE1CEAD0042DBCF /* Assets.xcassets in Resources */ = {isa = PBXBuildFile; fileRef = 84DC79EC1CE1CEAD0042DBCF /* Assets.xcassets */; };
		84DC79F01CE1CEAD0042DBCF /* LaunchScreen.storyboard in Resources */ = {isa = PBXBuildFile; fileRef = 84DC79EE1CE1CEAD0042DBCF /* LaunchScreen.storyboard */; };
		84DC79F81CE1D85E0042DBCF /* SecondViewViewController.swift in Sources */ = {isa = PBXBuildFile; fileRef = 84DC79F71CE1D85E0042DBCF /* SecondViewViewController.swift */; };
/* End PBXBuildFile section */

/* Begin PBXFileReference section */
		84DC79E21CE1CEAD0042DBCF /* iosLifeCycle.app */ = {isa = PBXFileReference; explicitFileType = wrapper.application; includeInIndex = 0; path = iosLifeCycle.app; sourceTree = BUILT_PRODUCTS_DIR; };
		84DC79E51CE1CEAD0042DBCF /* AppDelegate.swift */ = {isa = PBXFileReference; lastKnownFileType = sourcecode.swift; path = AppDelegate.swift; sourceTree = "<group>"; };
		84DC79E71CE1CEAD0042DBCF /* ViewController.swift */ = {isa = PBXFileReference; lastKnownFileType = sourcecode.swift; path = ViewController.swift; sourceTree = "<group>"; };
		84DC79EA1CE1CEAD0042DBCF /* Base */ = {isa = PBXFileReference; lastKnownFileType = file.storyboard; name = Base; path = Base.lproj/Main.storyboard; sourceTree = "<group>"; };
		84DC79EC1CE1CEAD0042DBCF /* Assets.xcassets */ = {isa = PBXFileReference; lastKnownFileType = folder.assetcatalog; path = Assets.xcassets; sourceTree = "<group>"; };
		84DC79EF1CE1CEAD0042DBCF /* Base */ = {isa = PBXFileReference; lastKnownFileType = file.storyboard; name = Base; path = Base.lproj/LaunchScreen.storyboard; sourceTree = "<group>"; };
		84DC79F11CE1CEAD0042DBCF /* Info.plist */ = {isa = PBXFileReference; lastKnownFileType = text.plist.xml; path = Info.plist; sourceTree = "<group>"; };
		84DC79F71CE1D85E0042DBCF /* SecondViewViewController.swift */ = {isa = PBXFileReference; fileEncoding = 4; lastKnownFileType = sourcecode.swift; path = SecondViewViewController.swift; sourceTree = "<group>"; };
/* End PBXFileReference section */

/* Begin PBXFrameworksBuildPhase section */
		84DC79DF1CE1CEAD0042DBCF /* Frameworks */ = {
			isa = PBXFrameworksBuildPhase;
			buildActionMask = 2147483647;
			files = (
			);
			runOnlyForDeploymentPostprocessing = 0;
		};
/* End PBXFrameworksBuildPhase section */

/* Begin PBXGroup section */
		84DC79D91CE1CEAD0042DBCF = {
			isa = PBXGroup;
			children = (
				84DC79E41CE1CEAD0042DBCF /* iosLifeCycle */,
				84DC79E31CE1CEAD0042DBCF /* Products */,
			);
			sourceTree = "<group>";
		};
		84DC79E31CE1CEAD0042DBCF /* Products */ = {
			isa = PBXGroup;
			children = (
				84DC79E21CE1CEAD0042DBCF /* iosLifeCycle.app */,
			);
			name = Products;
			sourceTree = "<group>";
		};
		84DC79E41CE1CEAD0042DBCF /* iosLifeCycle */ = {
			isa = PBXGroup;
			children = (
				84DC79E51CE1CEAD0042DBCF /* AppDelegate.swift */,
				84DC79E71CE1CEAD0042DBCF /* ViewController.swift */,
				84DC79E91CE1CEAD0042DBCF /* Main.storyboard */,
				84DC79EC1CE1CEAD0042DBCF /* Assets.xcassets */,
				84DC79EE1CE1CEAD0042DBCF /* LaunchScreen.storyboard */,
				84DC79F11CE1CEAD0042DBCF /* Info.plist */,
				84DC79F71CE1D85E0042DBCF /* SecondViewViewController.swift */,
			);
			path = iosLifeCycle;
			sourceTree = "<group>";
		};
/* End PBXGroup section */

/* Begin PBXNativeTarget section */
		84DC79E11CE1CEAD0042DBCF /* iosLifeCycle */ = {
			isa = PBXNativeTarget;
			buildConfigurationList = 84DC79F41CE1CEAD0042DBCF /* Build configuration list for PBXNativeTarget "iosLifeCycle" */;
			buildPhases = (
				84DC79DE1CE1CEAD0042DBCF /* Sources */,
				84DC79DF1CE1CEAD0042DBCF /* Frameworks */,
				84DC79E01CE1CEAD0042DBCF /* Resources */,
			);
			buildRules = (
			);
			dependencies = (
			);
			name = iosLifeCycle;
			productName = iosLifeCycle;
			productReference = 84DC79E21CE1CEAD0042DBCF /* iosLifeCycle.app */;
			productType = "com.apple.product-type.application";
		};
/* End PBXNativeTarget section */

/* Begin PBXProject section */
		84DC79DA1CE1CEAD0042DBCF /* Project object */ = {
			isa = PBXProject;
			attributes = {
				LastSwiftUpdateCheck = 0730;
				LastUpgradeCheck = 0730;
				ORGANIZATIONNAME = admin;
				TargetAttributes = {
					84DC79E11CE1CEAD0042DBCF = {
						CreatedOnToolsVersion = 7.3.1;
						DevelopmentTeam = 7575KD9P9B;
					};
				};
			};
			buildConfigurationList = 84DC79DD1CE1CEAD0042DBCF /* Build configuration list for PBXProject "iosLifeCycle" */;
			compatibilityVersion = "Xcode 3.2";
			developmentRegion = English;
			hasScannedForEncodings = 0;
			knownRegions = (
				en,
				Base,
			);
			mainGroup = 84DC79D91CE1CEAD0042DBCF;
			productRefGroup = 84DC79E31CE1CEAD0042DBCF /* Products */;
			projectDirPath = "";
			projectRoot = "";
			targets = (
				84DC79E11CE1CEAD0042DBCF /* iosLifeCycle */,
			);
		};
/* End PBXProject section */

/* Begin PBXResourcesBuildPhase section */
		84DC79E01CE1CEAD0042DBCF /* Resources */ = {
			isa = PBXResourcesBuildPhase;
			buildActionMask = 2147483647;
			files = (
				84DC79F01CE1CEAD0042DBCF /* LaunchScreen.storyboard in Resources */,
				84DC79ED1CE1CEAD0042DBCF /* Assets.xcassets in Resources */,
				84DC79EB1CE1CEAD0042DBCF /* Main.storyboard in Resources */,
			);
			runOnlyForDeploymentPostprocessing = 0;
		};
/* End PBXResourcesBuildPhase section */

/* Begin PBXSourcesBuildPhase section */
		84DC79DE1CE1CEAD0042DBCF /* Sources */ = {
			isa = PBXSourcesBuildPhase;
			buildActionMask = 2147483647;
			files = (
				84DC79E81CE1CEAD0042DBCF /* ViewController.swift in Sources */,
				84DC79F81CE1D85E0042DBCF /* SecondViewViewController.swift in Sources */,
				84DC79E61CE1CEAD0042DBCF /* AppDelegate.swift in Sources */,
			);
			runOnlyForDeploymentPostprocessing = 0;
		};
/* End PBXSourcesBuildPhase section */

/* Begin PBXVariantGroup section */
		84DC79E91CE1CEAD0042DBCF /* Main.storyboard */ = {
			isa = PBXVariantGroup;
			children = (
				84DC79EA1CE1CEAD0042DBCF /* Base */,
			);
			name = Main.storyboard;
			sourceTree = "<group>";
		};
		84DC79EE1CE1CEAD0042DBCF /* LaunchScreen.storyboard */ = {
			isa = PBXVariantGroup;
			children = (
				84DC79EF1CE1CEAD0042DBCF /* Base */,
			);
			name = LaunchScreen.storyboard;
			sourceTree = "<group>";
		};
/* End PBXVariantGroup section */

/* Begin XCBuildConfiguration section */
		84DC79F21CE1CEAD0042DBCF /* Debug */ = {
			isa = XCBuildConfiguration;
			buildSettings = {
				ALWAYS_SEARCH_USER_PATHS = NO;
				CLANG_ANALYZER_NONNULL = YES;
				CLANG_CXX_LANGUAGE_STANDARD = "gnu++0x";
				CLANG_CXX_LIBRARY = "libc++";
				CLANG_ENABLE_MODULES = YES;
				CLANG_ENABLE_OBJC_ARC = YES;
				CLANG_WARN_BOOL_CONVERSION = YES;
				CLANG_WARN_CONSTANT_CONVERSION = YES;
				CLANG_WARN_DIRECT_OBJC_ISA_USAGE = YES_ERROR;
				CLANG_WARN_EMPTY_BODY = YES;
				CLANG_WARN_ENUM_CONVERSION = YES;
				CLANG_WARN_INT_CONVERSION = YES;
				CLANG_WARN_OBJC_ROOT_CLASS = YES_ERROR;
				CLANG_WARN_UNREACHABLE_CODE = YES;
				CLANG_WARN__DUPLICATE_METHOD_MATCH = YES;
				"CODE_SIGN_IDENTITY[sdk=iphoneos*]" = "iPhone Developer";
				COPY_PHASE_STRIP = NO;
				DEBUG_INFORMATION_FORMAT = dwarf;
				ENABLE_STRICT_OBJC_MSGSEND = YES;
				ENABLE_TESTABILITY = YES;
				GCC_C_LANGUAGE_STANDARD = gnu99;
				GCC_DYNAMIC_NO_PIC = NO;
				GCC_NO_COMMON_BLOCKS = YES;
				GCC_OPTIMIZATION_LEVEL = 0;
				GCC_PREPROCESSOR_DEFINITIONS = (
					"DEBUG=1",
					"$(inherited)",
				);
				GCC_WARN_64_TO_32_BIT_CONVERSION = YES;
				GCC_WARN_ABOUT_RETURN_TYPE = YES_ERROR;
				GCC_WARN_UNDECLARED_SELECTOR = YES;
				GCC_WARN_UNINITIALIZED_AUTOS = YES_AGGRESSIVE;
				GCC_WARN_UNUSED_FUNCTION = YES;
				GCC_WARN_UNUSED_VARIABLE = YES;
				IPHONEOS_DEPLOYMENT_TARGET = 9.3;
				MTL_ENABLE_DEBUG_INFO = YES;
				ONLY_ACTIVE_ARCH = YES;
				SDKROOT = iphoneos;
				SWIFT_OPTIMIZATION_LEVEL = "-Onone";
			};
			name = Debug;
		};
		84DC79F31CE1CEAD0042DBCF /* Release */ = {
			isa = XCBuildConfiguration;
			buildSettings = {
				ALWAYS_SEARCH_USER_PATHS = NO;
				CLANG_ANALYZER_NONNULL = YES;
				CLANG_CXX_LANGUAGE_STANDARD = "gnu++0x";
				CLANG_CXX_LIBRARY = "libc++";
				CLANG_ENABLE_MODULES = YES;
				CLANG_ENABLE_OBJC_ARC = YES;
				CLANG_WARN_BOOL_CONVERSION = YES;
				CLANG_WARN_CONSTANT_CONVERSION = YES;
				CLANG_WARN_DIRECT_OBJC_ISA_USAGE = YES_ERROR;
				CLANG_WARN_EMPTY_BODY = YES;
				CLANG_WARN_ENUM_CONVERSION = YES;
				CLANG_WARN_INT_CONVERSION = YES;
				CLANG_WARN_OBJC_ROOT_CLASS = YES_ERROR;
				CLANG_WARN_UNREACHABLE_CODE = YES;
				CLANG_WARN__DUPLICATE_METHOD_MATCH = YES;
				"CODE_SIGN_IDENTITY[sdk=iphoneos*]" = "iPhone Developer";
				COPY_PHASE_STRIP = NO;
				DEBUG_INFORMATION_FORMAT = "dwarf-with-dsym";
				ENABLE_NS_ASSERTIONS = NO;
				ENABLE_STRICT_OBJC_MSGSEND = YES;
				GCC_C_LANGUAGE_STANDARD = gnu99;
				GCC_NO_COMMON_BLOCKS = YES;
				GCC_WARN_64_TO_32_BIT_CONVERSION = YES;
				GCC_WARN_ABOUT_RETURN_TYPE = YES_ERROR;
				GCC_WARN_UNDECLARED_SELECTOR = YES;
				GCC_WARN_UNINITIALIZED_AUTOS = YES_AGGRESSIVE;
				GCC_WARN_UNUSED_FUNCTION = YES;
				GCC_WARN_UNUSED_VARIABLE = YES;
				IPHONEOS_DEPLOYMENT_TARGET = 9.3;
				MTL_ENABLE_DEBUG_INFO = NO;
				SDKROOT = iphoneos;
				VALIDATE_PRODUCT = YES;
			};
			name = Release;
		};
		84DC79F51CE1CEAD0042DBCF /* Debug */ = {
			isa = XCBuildConfiguration;
			buildSettings = {
				ASSETCATALOG_COMPILER_APPICON_NAME = AppIcon;
				INFOPLIST_FILE = iosLifeCycle/Info.plist;
				IPHONEOS_DEPLOYMENT_TARGET = 8.0;
				LD_RUNPATH_SEARCH_PATHS = "$(inherited) @executable_path/Frameworks";
				PRODUCT_BUNDLE_IDENTIFIER = "ac.th.e-tech.iosLifeCycle";
				PRODUCT_NAME = "$(TARGET_NAME)";
			};
			name = Debug;
		};
		84DC79F61CE1CEAD0042DBCF /* Release */ = {
			isa = XCBuildConfiguration;
			buildSettings = {
				ASSETCATALOG_COMPILER_APPICON_NAME = AppIcon;
				INFOPLIST_FILE = iosLifeCycle/Info.plist;
				IPHONEOS_DEPLOYMENT_TARGET = 8.0;
				LD_RUNPATH_SEARCH_PATHS = "$(inherited) @executable_path/Frameworks";
				PRODUCT_BUNDLE_IDENTIFIER = "ac.th.e-tech.iosLifeCycle";
				PRODUCT_NAME = "$(TARGET_NAME)";
			};
			name = Release;
		};
/* End XCBuildConfiguration section */

/* Begin XCConfigurationList section */
		84DC79DD1CE1CEAD0042DBCF /* Build configuration list for PBXProject "iosLifeCycle" */ = {
			isa = XCConfigurationList;
			buildConfigurations = (
				84DC79F21CE1CEAD0042DBCF /* Debug */,
				84DC79F31CE1CEAD0042DBCF /* Release */,
			);
			defaultConfigurationIsVisible = 0;
			defaultConfigurationName = Release;
		};
		84DC79F41CE1CEAD0042DBCF /* Build configuration list for PBXNativeTarget "iosLifeCycle" */ = {
			isa = XCConfigurationList;
			buildConfigurations = (
				84DC79F51CE1CEAD0042DBCF /* Debug */,
				84DC79F61CE1CEAD0042DBCF /* Release */,
			);
			defaultConfigurationIsVisible = 0;
		};
/* End XCConfigurationList section */
	};
	rootObject = 84DC79DA1CE1CEAD0042DBCF /* Project object */;
}
